
Microsoft Visual Studio Solution File, Format Version 12.00
# Visual Studio Version 17
VisualStudioVersion = 17.14.36518.9 d17.14
MinimumVisualStudioVersion = 10.0.40219.1
Project("{FAE04EC0-301F-11D3-BF4B-00C04F79EFBC}") = "LAB2", "LAB2\LAB2.csproj", "{6DB9BCB1-A455-4653-8BC7-4C8BAC5FE6BD}"
EndProject
Global
	GlobalSection(SolutionConfigurationPlatforms) = preSolution
		Debug|Any CPU = Debug|Any CPU
		Release|Any CPU = Release|Any CPU
	EndGlobalSection
	GlobalSection(ProjectConfigurationPlatforms) = postSolution
		{6DB9BCB1-A455-4653-8BC7-4C8BAC5FE6BD}.Debug|Any CPU.ActiveCfg = Debug|Any CPU
		{6DB9BCB1-A455-4653-8BC7-4C8BAC5FE6BD}.Debug|Any CPU.Build.0 = Debug|Any CPU
		{6DB9BCB1-A455-4653-8BC7-4C8BAC5FE6BD}.Release|Any CPU.ActiveCfg = Release|Any CPU
		{6DB9BCB1-A455-4653-8BC7-4C8BAC5FE6BD}.Release|Any CPU.Build.0 = Release|Any CPU
	EndGlobalSection
	GlobalSection(SolutionProperties) = preSolution
		HideSolutionNode = FALSE
	EndGlobalSection
	GlobalSection(ExtensibilityGlobals) = postSolution
		SolutionGuid = {92387DF7-68DD-4155-94CC-CCD9A7DC30CA}
	EndGlobalSection
EndGlobal
